
Microsoft Visual Studio Solution File, Format Version 12.00
# Visual Studio 2013
VisualStudioVersion = 12.0.31101.0
MinimumVisualStudioVersion = 10.0.40219.1
Project("{FAE04EC0-301F-11D3-BF4B-00C04F79EFBC}") = "ConsulClient", "ConsulClient\ConsulClient.csproj", "{4FF04346-EB7E-4D4C-AE37-A8E7E4225FCA}"
EndProject
Project("{FAE04EC0-301F-11D3-BF4B-00C04F79EFBC}") = "ConsulClient.Tests", "ConsulClient.Tests\ConsulClient.Tests.csproj", "{34955247-D534-4FF5-9CBF-E796184A6C85}"
EndProject
Project("{2150E333-8FDC-42A3-9474-1A3956D46DE8}") = ".nuget", ".nuget", "{7F5CF6E3-C882-4F4A-937E-13F61AA739A1}"
	ProjectSection(SolutionItems) = preProject
		.nuget\NuGet.Config = .nuget\NuGet.Config
		.nuget\NuGet.exe = .nuget\NuGet.exe
		.nuget\NuGet.targets = .nuget\NuGet.targets
	EndProjectSection
EndProject
Global
	GlobalSection(SolutionConfigurationPlatforms) = preSolution
		Debug|Any CPU = Debug|Any CPU
		Release|Any CPU = Release|Any CPU
	EndGlobalSection
	GlobalSection(ProjectConfigurationPlatforms) = postSolution
		{4FF04346-EB7E-4D4C-AE37-A8E7E4225FCA}.Debug|Any CPU.ActiveCfg = Debug|Any CPU
		{4FF04346-EB7E-4D4C-AE37-A8E7E4225FCA}.Debug|Any CPU.Build.0 = Debug|Any CPU
		{4FF04346-EB7E-4D4C-AE37-A8E7E4225FCA}.Release|Any CPU.ActiveCfg = Release|Any CPU
		{4FF04346-EB7E-4D4C-AE37-A8E7E4225FCA}.Release|Any CPU.Build.0 = Release|Any CPU
		{34955247-D534-4FF5-9CBF-E796184A6C85}.Debug|Any CPU.ActiveCfg = Debug|Any CPU
		{34955247-D534-4FF5-9CBF-E796184A6C85}.Debug|Any CPU.Build.0 = Debug|Any CPU
		{34955247-D534-4FF5-9CBF-E796184A6C85}.Release|Any CPU.ActiveCfg = Release|Any CPU
		{34955247-D534-4FF5-9CBF-E796184A6C85}.Release|Any CPU.Build.0 = Release|Any CPU
	EndGlobalSection
	GlobalSection(SolutionProperties) = preSolution
		HideSolutionNode = FALSE
	EndGlobalSection
EndGlobal
